<?xml version="1.0" encoding="utf-8"?>
<Project ToolsVersion="4.0" xmlns="http://schemas.microsoft.com/developer/msbuild/2003">
  <ItemGroup>
    <Filter Include="源文件">
      <UniqueIdentifier>{4FC737F1-C7A5-4376-A066-2A32D752A2FF}</UniqueIdentifier>
      <Extensions>cpp;c;cc;cxx;def;odl;idl;hpj;bat;asm;asmx</Extensions>
    </Filter>
    <Filter Include="头文件">
      <UniqueIdentifier>{93995380-89BD-4b04-88EB-625FBE52EBFB}</UniqueIdentifier>
      <Extensions>h;hh;hpp;hxx;hm;inl;inc;xsd</Extensions>
    </Filter>
    <Filter Include="头文件\CustomNodes">
      <UniqueIdentifier>{116d3ace-7c26-44ab-b9ca-4da14678b098}</UniqueIdentifier>
    </Filter>
    <Filter Include="资源文件">
      <UniqueIdentifier>{61ea5999-2506-4f1d-9a40-f551c5e683ad}</UniqueIdentifier>
    </Filter>
  </ItemGroup>
  <ItemGroup>
    <ClCompile Include="BehaviorTreeLoader.cpp">
      <Filter>源文件</Filter>
    </ClCompile>
    <ClCompile Include="Nodes.cpp">
      <Filter>源文件</Filter>
    </ClCompile>
    <ClCompile Include="NodeFactory.cpp">
      <Filter>源文件</Filter>
    </ClCompile>
    <ClCompile Include="CustomData.cpp">
      <Filter>源文件</Filter>
    </ClCompile>
  </ItemGroup>
  <ItemGroup>
    <ClInclude Include="BehaviorTreeLoader.h">
      <Filter>头文件</Filter>
    </ClInclude>
    <ClInclude Include="BehaviorTree.h">
      <Filter>头文件</Filter>
    </ClInclude>
    <ClInclude Include="NodeFactory.h">
      <Filter>头文件</Filter>
    </ClInclude>
    <ClInclude Include="Nodes.h">
      <Filter>头文件</Filter>
    </ClInclude>
    <ClInclude Include="CustomNodes.h">
      <Filter>头文件</Filter>
    </ClInclude>
    <ClInclude Include="CustomData.h">
      <Filter>头文件</Filter>
    </ClInclude>
    <ClInclude Include="AnyDataRef.h">
      <Filter>头文件</Filter>
    </ClInclude>
    <ClInclude Include="CustomNodes\Attack.h">
      <Filter>头文件\CustomNodes</Filter>
    </ClInclude>
    <ClInclude Include="CustomNodes\Kick.h">
      <Filter>头文件\CustomNodes</Filter>
    </ClInclude>
    <ClInclude Include="CustomNodes\EvaluatorForKick.h">
      <Filter>头文件\CustomNodes</Filter>
    </ClInclude>
    <ClInclude Include="CustomNodes\StartPass.h">
      <Filter>头文件\CustomNodes</Filter>
    </ClInclude>
    <ClInclude Include="CustomNodes\AntiStart.h">
      <Filter>头文件\CustomNodes</Filter>
    </ClInclude>
    <ClInclude Include="CustomNodes\Auto.h">
      <Filter>头文件\CustomNodes</Filter>
    </ClInclude>
    <ClInclude Include="CustomNodes\Defend.h">
      <Filter>头文件\CustomNodes</Filter>
    </ClInclude>
    <ClInclude Include="CustomNodes\Pass.h">
      <Filter>头文件\CustomNodes</Filter>
    </ClInclude>
    <ClInclude Include="CustomNodes\Stop.h">
      <Filter>头文件\CustomNodes</Filter>
    </ClInclude>
    <ClInclude Include="LeafData.h">
      <Filter>头文件</Filter>
    </ClInclude>
    <ClInclude Include="DataCollector.h">
      <Filter>头文件</Filter>
    </ClInclude>
  </ItemGroup>
</Project>